
Microsoft Visual Studio Solution File, Format Version 12.00
# Visual Studio Version 16
VisualStudioVersion = 16.0.33328.57
MinimumVisualStudioVersion = 10.0.40219.1
Project("{FAE04EC0-301F-11D3-BF4B-00C04F79EFBC}") = "AppMenuSharper", "AppMenuSharper.csproj", "{F8288C1D-2FA0-472E-A730-F21D581C2BBC}"
EndProject
Global
	GlobalSection(SolutionConfigurationPlatforms) = preSolution
		Debug|Any CPU = Debug|Any CPU
		Release|Any CPU = Release|Any CPU
	EndGlobalSection
	GlobalSection(ProjectConfigurationPlatforms) = postSolution
		{F8288C1D-2FA0-472E-A730-F21D581C2BBC}.Debug|Any CPU.ActiveCfg = Debug|Any CPU
		{F8288C1D-2FA0-472E-A730-F21D581C2BBC}.Debug|Any CPU.Build.0 = Debug|Any CPU
		{F8288C1D-2FA0-472E-A730-F21D581C2BBC}.Release|Any CPU.ActiveCfg = Release|Any CPU
		{F8288C1D-2FA0-472E-A730-F21D581C2BBC}.Release|Any CPU.Build.0 = Release|Any CPU
	EndGlobalSection
	GlobalSection(SolutionProperties) = preSolution
		HideSolutionNode = FALSE
	EndGlobalSection
	GlobalSection(ExtensibilityGlobals) = postSolution
		SolutionGuid = {72E0DE6C-F4CA-40B5-B2B7-4DFA7476D12A}
	EndGlobalSection
EndGlobal
